
Microsoft Visual Studio Solution File, Format Version 12.00
# Visual Studio Version 17
VisualStudioVersion = 17.7.34221.43
MinimumVisualStudioVersion = 10.0.40219.1
Project("{FAE04EC0-301F-11D3-BF4B-00C04F79EFBC}") = "AoC2023", "AoCDay12023\AoC2023.csproj", "{AC9C2B48-662F-412F-83D7-6E929ADF4D9E}"
EndProject
Project("{2150E333-8FDC-42A3-9474-1A3956D46DE8}") = "Solution Items", "Solution Items", "{4D0E72BA-DEAB-4447-B7E7-B7A580B60B88}"
	ProjectSection(SolutionItems) = preProject
		data.txt = data.txt
	EndProjectSection
EndProject
Global
	GlobalSection(SolutionConfigurationPlatforms) = preSolution
		Debug|Any CPU = Debug|Any CPU
		Release|Any CPU = Release|Any CPU
	EndGlobalSection
	GlobalSection(ProjectConfigurationPlatforms) = postSolution
		{AC9C2B48-662F-412F-83D7-6E929ADF4D9E}.Debug|Any CPU.ActiveCfg = Debug|Any CPU
		{AC9C2B48-662F-412F-83D7-6E929ADF4D9E}.Debug|Any CPU.Build.0 = Debug|Any CPU
		{AC9C2B48-662F-412F-83D7-6E929ADF4D9E}.Release|Any CPU.ActiveCfg = Release|Any CPU
		{AC9C2B48-662F-412F-83D7-6E929ADF4D9E}.Release|Any CPU.Build.0 = Release|Any CPU
	EndGlobalSection
	GlobalSection(SolutionProperties) = preSolution
		HideSolutionNode = FALSE
	EndGlobalSection
	GlobalSection(ExtensibilityGlobals) = postSolution
		SolutionGuid = {8E32DE36-5C7D-46BD-9C89-C7F28ADFF7D8}
	EndGlobalSection
EndGlobal
